
Microsoft Visual Studio Solution File, Format Version 12.00
# Visual Studio 2013
VisualStudioVersion = 12.0.31101.0
MinimumVisualStudioVersion = 10.0.40219.1
Project("{FAE04EC0-301F-11D3-BF4B-00C04F79EFBC}") = "Xbim.Presentation", "Xbim.Presentation\Xbim.Presentation.csproj", "{89F98E53-DE4E-4427-8244-D5934AD08849}"
EndProject
Project("{FAE04EC0-301F-11D3-BF4B-00C04F79EFBC}") = "XbimXplorer", "XbimXplorer\XbimXplorer.csproj", "{D6CED5D7-BE37-4A32-90A5-1444C9FFDD91}"
EndProject
Project("{2150E333-8FDC-42A3-9474-1A3956D46DE8}") = "Solution Items", "Solution Items", "{0E199F75-F5E2-4B21-9DDA-85AF017F9445}"
	ProjectSection(SolutionItems) = preProject
		Xbim.WindowsUI.nuspec = Xbim.WindowsUI.nuspec
	EndProjectSection
EndProject
Global
	GlobalSection(SolutionConfigurationPlatforms) = preSolution
		Debug CarveCSG|Any CPU = Debug CarveCSG|Any CPU
		Debug|Any CPU = Debug|Any CPU
		Release CarveCSG|Any CPU = Release CarveCSG|Any CPU
		Release|Any CPU = Release|Any CPU
	EndGlobalSection
	GlobalSection(ProjectConfigurationPlatforms) = postSolution
		{89F98E53-DE4E-4427-8244-D5934AD08849}.Debug CarveCSG|Any CPU.ActiveCfg = Debug|Any CPU
		{89F98E53-DE4E-4427-8244-D5934AD08849}.Debug CarveCSG|Any CPU.Build.0 = Debug|Any CPU
		{89F98E53-DE4E-4427-8244-D5934AD08849}.Debug|Any CPU.ActiveCfg = Debug|Any CPU
		{89F98E53-DE4E-4427-8244-D5934AD08849}.Debug|Any CPU.Build.0 = Debug|Any CPU
		{89F98E53-DE4E-4427-8244-D5934AD08849}.Release CarveCSG|Any CPU.ActiveCfg = Release|Any CPU
		{89F98E53-DE4E-4427-8244-D5934AD08849}.Release CarveCSG|Any CPU.Build.0 = Release|Any CPU
		{89F98E53-DE4E-4427-8244-D5934AD08849}.Release|Any CPU.ActiveCfg = Release|Any CPU
		{89F98E53-DE4E-4427-8244-D5934AD08849}.Release|Any CPU.Build.0 = Release|Any CPU
		{D6CED5D7-BE37-4A32-90A5-1444C9FFDD91}.Debug CarveCSG|Any CPU.ActiveCfg = Debug CarveCSG|Any CPU
		{D6CED5D7-BE37-4A32-90A5-1444C9FFDD91}.Debug CarveCSG|Any CPU.Build.0 = Debug CarveCSG|Any CPU
		{D6CED5D7-BE37-4A32-90A5-1444C9FFDD91}.Debug|Any CPU.ActiveCfg = Debug|Any CPU
		{D6CED5D7-BE37-4A32-90A5-1444C9FFDD91}.Debug|Any CPU.Build.0 = Debug|Any CPU
		{D6CED5D7-BE37-4A32-90A5-1444C9FFDD91}.Release CarveCSG|Any CPU.ActiveCfg = Release CarveCSG|Any CPU
		{D6CED5D7-BE37-4A32-90A5-1444C9FFDD91}.Release CarveCSG|Any CPU.Build.0 = Release CarveCSG|Any CPU
		{D6CED5D7-BE37-4A32-90A5-1444C9FFDD91}.Release|Any CPU.ActiveCfg = Release|Any CPU
		{D6CED5D7-BE37-4A32-90A5-1444C9FFDD91}.Release|Any CPU.Build.0 = Release|Any CPU
	EndGlobalSection
	GlobalSection(SolutionProperties) = preSolution
		HideSolutionNode = FALSE
	EndGlobalSection
EndGlobal
